// !$*UTF8*$!
{
	archiveVersion = 1;
	classes = {
	};
	objectVersion = 46;
	objects = {

/* Begin PBXBuildFile section */
		8158BDB061AB3DFEBE9D8400 /* libPods-GrapesNBerriesTask.a in Frameworks */ = {isa = PBXBuildFile; fileRef = EFB3AB45CA70F9F6AE7F0673 /* libPods-GrapesNBerriesTask.a */; };
		891586951BF2369800D2F1B7 /* productModel.m in Sources */ = {isa = PBXBuildFile; fileRef = 891586941BF2369800D2F1B7 /* productModel.m */; };
		8945C5D11BDEEF58006E024B /* HeaderCollectionReusableView.m in Sources */ = {isa = PBXBuildFile; fileRef = 8945C5D01BDEEF58006E024B /* HeaderCollectionReusableView.m */; };
		896A1FCC1BDD244F0065CC62 /* main.m in Sources */ = {isa = PBXBuildFile; fileRef = 896A1FCB1BDD244F0065CC62 /* main.m */; };
		896A1FCF1BDD244F0065CC62 /* AppDelegate.m in Sources */ = {isa = PBXBuildFile; fileRef = 896A1FCE1BDD244F0065CC62 /* AppDelegate.m */; };
		896A1FD21BDD244F0065CC62 /* ViewController.m in Sources */ = {isa = PBXBuildFile; fileRef = 896A1FD11BDD244F0065CC62 /* ViewController.m */; };
		896A1FD51BDD244F0065CC62 /* Main.storyboard in Resources */ = {isa = PBXBuildFile; fileRef = 896A1FD31BDD244F0065CC62 /* Main.storyboard */; };
		896A1FD71BDD244F0065CC62 /* Assets.xcassets in Resources */ = {isa = PBXBuildFile; fileRef = 896A1FD61BDD244F0065CC62 /* Assets.xcassets */; };
		896A1FDA1BDD244F0065CC62 /* LaunchScreen.storyboard in Resources */ = {isa = PBXBuildFile; fileRef = 896A1FD81BDD244F0065CC62 /* LaunchScreen.storyboard */; };
		896A1FE31BDD31830065CC62 /* ProductViewCell.m in Sources */ = {isa = PBXBuildFile; fileRef = 896A1FE21BDD31830065CC62 /* ProductViewCell.m */; };
/* End PBXBuildFile section */

/* Begin PBXFileReference section */
		891586931BF2369800D2F1B7 /* productModel.h */ = {isa = PBXFileReference; fileEncoding = 4; lastKnownFileType = sourcecode.c.h; path = productModel.h; sourceTree = "<group>"; };
		891586941BF2369800D2F1B7 /* productModel.m */ = {isa = PBXFileReference; fileEncoding = 4; lastKnownFileType = sourcecode.c.objc; path = productModel.m; sourceTree = "<group>"; };
		8945C5CF1BDEEF58006E024B /* HeaderCollectionReusableView.h */ = {isa = PBXFileReference; fileEncoding = 4; lastKnownFileType = sourcecode.c.h; path = HeaderCollectionReusableView.h; sourceTree = "<group>"; };
		8945C5D01BDEEF58006E024B /* HeaderCollectionReusableView.m */ = {isa = PBXFileReference; fileEncoding = 4; lastKnownFileType = sourcecode.c.objc; path = HeaderCollectionReusableView.m; sourceTree = "<group>"; };
		896A1FC71BDD244F0065CC62 /* GrapesNBerriesTask.app */ = {isa = PBXFileReference; explicitFileType = wrapper.application; includeInIndex = 0; path = GrapesNBerriesTask.app; sourceTree = BUILT_PRODUCTS_DIR; };
		896A1FCB1BDD244F0065CC62 /* main.m */ = {isa = PBXFileReference; lastKnownFileType = sourcecode.c.objc; path = main.m; sourceTree = "<group>"; };
		896A1FCD1BDD244F0065CC62 /* AppDelegate.h */ = {isa = PBXFileReference; lastKnownFileType = sourcecode.c.h; path = AppDelegate.h; sourceTree = "<group>"; };
		896A1FCE1BDD244F0065CC62 /* AppDelegate.m */ = {isa = PBXFileReference; lastKnownFileType = sourcecode.c.objc; path = AppDelegate.m; sourceTree = "<group>"; };
		896A1FD01BDD244F0065CC62 /* ViewController.h */ = {isa = PBXFileReference; lastKnownFileType = sourcecode.c.h; path = ViewController.h; sourceTree = "<group>"; };
		896A1FD11BDD244F0065CC62 /* ViewController.m */ = {isa = PBXFileReference; lastKnownFileType = sourcecode.c.objc; path = ViewController.m; sourceTree = "<group>"; };
		896A1FD41BDD244F0065CC62 /* Base */ = {isa = PBXFileReference; lastKnownFileType = file.storyboard; name = Base; path = Base.lproj/Main.storyboard; sourceTree = "<group>"; };
		896A1FD61BDD244F0065CC62 /* Assets.xcassets */ = {isa = PBXFileReference; lastKnownFileType = folder.assetcatalog; path = Assets.xcassets; sourceTree = "<group>"; };
		896A1FD91BDD244F0065CC62 /* Base */ = {isa = PBXFileReference; lastKnownFileType = file.storyboard; name = Base; path = Base.lproj/LaunchScreen.storyboard; sourceTree = "<group>"; };
		896A1FDB1BDD244F0065CC62 /* Info.plist */ = {isa = PBXFileReference; lastKnownFileType = text.plist.xml; path = Info.plist; sourceTree = "<group>"; };
		896A1FE11BDD31830065CC62 /* ProductViewCell.h */ = {isa = PBXFileReference; fileEncoding = 4; lastKnownFileType = sourcecode.c.h; path = ProductViewCell.h; sourceTree = "<group>"; };
		896A1FE21BDD31830065CC62 /* ProductViewCell.m */ = {isa = PBXFileReference; fileEncoding = 4; lastKnownFileType = sourcecode.c.objc; path = ProductViewCell.m; sourceTree = "<group>"; };
		BD879C2A4D9E923FCA3B25A0 /* Pods-GrapesNBerriesTask.debug.xcconfig */ = {isa = PBXFileReference; includeInIndex = 1; lastKnownFileType = text.xcconfig; name = "Pods-GrapesNBerriesTask.debug.xcconfig"; path = "Pods/Target Support Files/Pods-GrapesNBerriesTask/Pods-GrapesNBerriesTask.debug.xcconfig"; sourceTree = "<group>"; };
		EFB3AB45CA70F9F6AE7F0673 /* libPods-GrapesNBerriesTask.a */ = {isa = PBXFileReference; explicitFileType = archive.ar; includeInIndex = 0; path = "libPods-GrapesNBerriesTask.a"; sourceTree = BUILT_PRODUCTS_DIR; };
		FA65E2F6F58D89845F892E40 /* Pods-GrapesNBerriesTask.release.xcconfig */ = {isa = PBXFileReference; includeInIndex = 1; lastKnownFileType = text.xcconfig; name = "Pods-GrapesNBerriesTask.release.xcconfig"; path = "Pods/Target Support Files/Pods-GrapesNBerriesTask/Pods-GrapesNBerriesTask.release.xcconfig"; sourceTree = "<group>"; };
/* End PBXFileReference section */

/* Begin PBXFrameworksBuildPhase section */
		896A1FC41BDD244F0065CC62 /* Frameworks */ = {
			isa = PBXFrameworksBuildPhase;
			buildActionMask = 2147483647;
			files = (
				8158BDB061AB3DFEBE9D8400 /* libPods-GrapesNBerriesTask.a in Frameworks */,
			);
			runOnlyForDeploymentPostprocessing = 0;
		};
/* End PBXFrameworksBuildPhase section */

/* Begin PBXGroup section */
		1ED05E6F57F5141E0BDB4E65 /* Pods */ = {
			isa = PBXGroup;
			children = (
				BD879C2A4D9E923FCA3B25A0 /* Pods-GrapesNBerriesTask.debug.xcconfig */,
				FA65E2F6F58D89845F892E40 /* Pods-GrapesNBerriesTask.release.xcconfig */,
			);
			name = Pods;
			sourceTree = "<group>";
		};
		87B67EF40347831EEB001E2F /* Frameworks */ = {
			isa = PBXGroup;
			children = (
				EFB3AB45CA70F9F6AE7F0673 /* libPods-GrapesNBerriesTask.a */,
			);
			name = Frameworks;
			sourceTree = "<group>";
		};
		896A1FBE1BDD244F0065CC62 = {
			isa = PBXGroup;
			children = (
				896A1FC91BDD244F0065CC62 /* GrapesNBerriesTask */,
				896A1FC81BDD244F0065CC62 /* Products */,
				1ED05E6F57F5141E0BDB4E65 /* Pods */,
				87B67EF40347831EEB001E2F /* Frameworks */,
			);
			sourceTree = "<group>";
		};
		896A1FC81BDD244F0065CC62 /* Products */ = {
			isa = PBXGroup;
			children = (
				896A1FC71BDD244F0065CC62 /* GrapesNBerriesTask.app */,
			);
			name = Products;
			sourceTree = "<group>";
		};
		896A1FC91BDD244F0065CC62 /* GrapesNBerriesTask */ = {
			isa = PBXGroup;
			children = (
				896A1FCD1BDD244F0065CC62 /* AppDelegate.h */,
				896A1FCE1BDD244F0065CC62 /* AppDelegate.m */,
				896A1FD01BDD244F0065CC62 /* ViewController.h */,
				896A1FD11BDD244F0065CC62 /* ViewController.m */,
				8945C5CF1BDEEF58006E024B /* HeaderCollectionReusableView.h */,
				8945C5D01BDEEF58006E024B /* HeaderCollectionReusableView.m */,
				896A1FE11BDD31830065CC62 /* ProductViewCell.h */,
				896A1FE21BDD31830065CC62 /* ProductViewCell.m */,
				891586931BF2369800D2F1B7 /* productModel.h */,
				891586941BF2369800D2F1B7 /* productModel.m */,
				896A1FD31BDD244F0065CC62 /* Main.storyboard */,
				896A1FD61BDD244F0065CC62 /* Assets.xcassets */,
				896A1FD81BDD244F0065CC62 /* LaunchScreen.storyboard */,
				896A1FDB1BDD244F0065CC62 /* Info.plist */,
				896A1FCA1BDD244F0065CC62 /* Supporting Files */,
			);
			path = GrapesNBerriesTask;
			sourceTree = "<group>";
		};
		896A1FCA1BDD244F0065CC62 /* Supporting Files */ = {
			isa = PBXGroup;
			children = (
				896A1FCB1BDD244F0065CC62 /* main.m */,
			);
			name = "Supporting Files";
			sourceTree = "<group>";
		};
/* End PBXGroup section */

/* Begin PBXNativeTarget section */
		896A1FC61BDD244F0065CC62 /* GrapesNBerriesTask */ = {
			isa = PBXNativeTarget;
			buildConfigurationList = 896A1FDE1BDD244F0065CC62 /* Build configuration list for PBXNativeTarget "GrapesNBerriesTask" */;
			buildPhases = (
				8DFB4FFE9A38B14253FF6199 /* Check Pods Manifest.lock */,
				896A1FC31BDD244F0065CC62 /* Sources */,
				896A1FC41BDD244F0065CC62 /* Frameworks */,
				896A1FC51BDD244F0065CC62 /* Resources */,
				D967BD0A535EE1AF3B41880A /* Embed Pods Frameworks */,
				B1AD930387B5FBF1E1C920A8 /* Copy Pods Resources */,
			);
			buildRules = (
			);
			dependencies = (
			);
			name = GrapesNBerriesTask;
			productName = GrapesNBerriesTask;
			productReference = 896A1FC71BDD244F0065CC62 /* GrapesNBerriesTask.app */;
			productType = "com.apple.product-type.application";
		};
/* End PBXNativeTarget section */

/* Begin PBXProject section */
		896A1FBF1BDD244F0065CC62 /* Project object */ = {
			isa = PBXProject;
			attributes = {
				LastUpgradeCheck = 0700;
				ORGANIZATIONNAME = "Nada Kamel Abdelhady";
				TargetAttributes = {
					896A1FC61BDD244F0065CC62 = {
						CreatedOnToolsVersion = 7.0.1;
						DevelopmentTeam = RSUL65K5BS;
					};
				};
			};
			buildConfigurationList = 896A1FC21BDD244F0065CC62 /* Build configuration list for PBXProject "GrapesNBerriesTask" */;
			compatibilityVersion = "Xcode 3.2";
			developmentRegion = English;
			hasScannedForEncodings = 0;
			knownRegions = (
				en,
				Base,
			);
			mainGroup = 896A1FBE1BDD244F0065CC62;
			productRefGroup = 896A1FC81BDD244F0065CC62 /* Products */;
			projectDirPath = "";
			projectRoot = "";
			targets = (
				896A1FC61BDD244F0065CC62 /* GrapesNBerriesTask */,
			);
		};
/* End PBXProject section */

/* Begin PBXResourcesBuildPhase section */
		896A1FC51BDD244F0065CC62 /* Resources */ = {
			isa = PBXResourcesBuildPhase;
			buildActionMask = 2147483647;
			files = (
				896A1FDA1BDD244F0065CC62 /* LaunchScreen.storyboard in Resources */,
				896A1FD71BDD244F0065CC62 /* Assets.xcassets in Resources */,
				896A1FD51BDD244F0065CC62 /* Main.storyboard in Resources */,
			);
			runOnlyForDeploymentPostprocessing = 0;
		};
/* End PBXResourcesBuildPhase section */

/* Begin PBXShellScriptBuildPhase section */
		8DFB4FFE9A38B14253FF6199 /* Check Pods Manifest.lock */ = {
			isa = PBXShellScriptBuildPhase;
			buildActionMask = 2147483647;
			files = (
			);
			inputPaths = (
			);
			name = "Check Pods Manifest.lock";
			outputPaths = (
			);
			runOnlyForDeploymentPostprocessing = 0;
			shellPath = /bin/sh;
			shellScript = "diff \"${PODS_ROOT}/../Podfile.lock\" \"${PODS_ROOT}/Manifest.lock\" > /dev/null\nif [[ $? != 0 ]] ; then\n    cat << EOM\nerror: The sandbox is not in sync with the Podfile.lock. Run 'pod install' or update your CocoaPods installation.\nEOM\n    exit 1\nfi\n";
			showEnvVarsInLog = 0;
		};
		B1AD930387B5FBF1E1C920A8 /* Copy Pods Resources */ = {
			isa = PBXShellScriptBuildPhase;
			buildActionMask = 2147483647;
			files = (
			);
			inputPaths = (
			);
			name = "Copy Pods Resources";
			outputPaths = (
			);
			runOnlyForDeploymentPostprocessing = 0;
			shellPath = /bin/sh;
			shellScript = "\"${SRCROOT}/Pods/Target Support Files/Pods-GrapesNBerriesTask/Pods-GrapesNBerriesTask-resources.sh\"\n";
			showEnvVarsInLog = 0;
		};
		D967BD0A535EE1AF3B41880A /* Embed Pods Frameworks */ = {
			isa = PBXShellScriptBuildPhase;
			buildActionMask = 2147483647;
			files = (
			);
			inputPaths = (
			);
			name = "Embed Pods Frameworks";
			outputPaths = (
			);
			runOnlyForDeploymentPostprocessing = 0;
			shellPath = /bin/sh;
			shellScript = "\"${SRCROOT}/Pods/Target Support Files/Pods-GrapesNBerriesTask/Pods-GrapesNBerriesTask-frameworks.sh\"\n";
			showEnvVarsInLog = 0;
		};
/* End PBXShellScriptBuildPhase section */

/* Begin PBXSourcesBuildPhase section */
		896A1FC31BDD244F0065CC62 /* Sources */ = {
			isa = PBXSourcesBuildPhase;
			buildActionMask = 2147483647;
			files = (
				8945C5D11BDEEF58006E024B /* HeaderCollectionReusableView.m in Sources */,
				896A1FE31BDD31830065CC62 /* ProductViewCell.m in Sources */,
				896A1FD21BDD244F0065CC62 /* ViewController.m in Sources */,
				891586951BF2369800D2F1B7 /* productModel.m in Sources */,
				896A1FCF1BDD244F0065CC62 /* AppDelegate.m in Sources */,
				896A1FCC1BDD244F0065CC62 /* main.m in Sources */,
			);
			runOnlyForDeploymentPostprocessing = 0;
		};
/* End PBXSourcesBuildPhase section */

/* Begin PBXVariantGroup section */
		896A1FD31BDD244F0065CC62 /* Main.storyboard */ = {
			isa = PBXVariantGroup;
			children = (
				896A1FD41BDD244F0065CC62 /* Base */,
			);
			name = Main.storyboard;
			sourceTree = "<group>";
		};
		896A1FD81BDD244F0065CC62 /* LaunchScreen.storyboard */ = {
			isa = PBXVariantGroup;
			children = (
				896A1FD91BDD244F0065CC62 /* Base */,
			);
			name = LaunchScreen.storyboard;
			sourceTree = "<group>";
		};
/* End PBXVariantGroup section */

/* Begin XCBuildConfiguration section */
		896A1FDC1BDD244F0065CC62 /* Debug */ = {
			isa = XCBuildConfiguration;
			buildSettings = {
				ALWAYS_SEARCH_USER_PATHS = NO;
				CLANG_CXX_LANGUAGE_STANDARD = "gnu++0x";
				CLANG_CXX_LIBRARY = "libc++";
				CLANG_ENABLE_MODULES = YES;
				CLANG_ENABLE_OBJC_ARC = YES;
				CLANG_WARN_BOOL_CONVERSION = YES;
				CLANG_WARN_CONSTANT_CONVERSION = YES;
				CLANG_WARN_DIRECT_OBJC_ISA_USAGE = YES_ERROR;
				CLANG_WARN_EMPTY_BODY = YES;
				CLANG_WARN_ENUM_CONVERSION = YES;
				CLANG_WARN_INT_CONVERSION = YES;
				CLANG_WARN_OBJC_ROOT_CLASS = YES_ERROR;
				CLANG_WARN_UNREACHABLE_CODE = YES;
				CLANG_WARN__DUPLICATE_METHOD_MATCH = YES;
				"CODE_SIGN_IDENTITY[sdk=iphoneos*]" = "iPhone Developer";
				COPY_PHASE_STRIP = NO;
				DEBUG_INFORMATION_FORMAT = dwarf;
				ENABLE_STRICT_OBJC_MSGSEND = YES;
				ENABLE_TESTABILITY = YES;
				GCC_C_LANGUAGE_STANDARD = gnu99;
				GCC_DYNAMIC_NO_PIC = NO;
				GCC_NO_COMMON_BLOCKS = YES;
				GCC_OPTIMIZATION_LEVEL = 0;
				GCC_PREPROCESSOR_DEFINITIONS = (
					"DEBUG=1",
					"$(inherited)",
				);
				GCC_WARN_64_TO_32_BIT_CONVERSION = YES;
				GCC_WARN_ABOUT_RETURN_TYPE = YES_ERROR;
				GCC_WARN_UNDECLARED_SELECTOR = YES;
				GCC_WARN_UNINITIALIZED_AUTOS = YES_AGGRESSIVE;
				GCC_WARN_UNUSED_FUNCTION = YES;
				GCC_WARN_UNUSED_VARIABLE = YES;
				IPHONEOS_DEPLOYMENT_TARGET = 9.0;
				MTL_ENABLE_DEBUG_INFO = YES;
				ONLY_ACTIVE_ARCH = YES;
				SDKROOT = iphoneos;
			};
			name = Debug;
		};
		896A1FDD1BDD244F0065CC62 /* Release */ = {
			isa = XCBuildConfiguration;
			buildSettings = {
				ALWAYS_SEARCH_USER_PATHS = NO;
				CLANG_CXX_LANGUAGE_STANDARD = "gnu++0x";
				CLANG_CXX_LIBRARY = "libc++";
				CLANG_ENABLE_MODULES = YES;
				CLANG_ENABLE_OBJC_ARC = YES;
				CLANG_WARN_BOOL_CONVERSION = YES;
				CLANG_WARN_CONSTANT_CONVERSION = YES;
				CLANG_WARN_DIRECT_OBJC_ISA_USAGE = YES_ERROR;
				CLANG_WARN_EMPTY_BODY = YES;
				CLANG_WARN_ENUM_CONVERSION = YES;
				CLANG_WARN_INT_CONVERSION = YES;
				CLANG_WARN_OBJC_ROOT_CLASS = YES_ERROR;
				CLANG_WARN_UNREACHABLE_CODE = YES;
				CLANG_WARN__DUPLICATE_METHOD_MATCH = YES;
				"CODE_SIGN_IDENTITY[sdk=iphoneos*]" = "iPhone Developer";
				COPY_PHASE_STRIP = NO;
				DEBUG_INFORMATION_FORMAT = "dwarf-with-dsym";
				ENABLE_NS_ASSERTIONS = NO;
				ENABLE_STRICT_OBJC_MSGSEND = YES;
				GCC_C_LANGUAGE_STANDARD = gnu99;
				GCC_NO_COMMON_BLOCKS = YES;
				GCC_WARN_64_TO_32_BIT_CONVERSION = YES;
				GCC_WARN_ABOUT_RETURN_TYPE = YES_ERROR;
				GCC_WARN_UNDECLARED_SELECTOR = YES;
				GCC_WARN_UNINITIALIZED_AUTOS = YES_AGGRESSIVE;
				GCC_WARN_UNUSED_FUNCTION = YES;
				GCC_WARN_UNUSED_VARIABLE = YES;
				IPHONEOS_DEPLOYMENT_TARGET = 9.0;
				MTL_ENABLE_DEBUG_INFO = NO;
				SDKROOT = iphoneos;
				VALIDATE_PRODUCT = YES;
			};
			name = Release;
		};
		896A1FDF1BDD244F0065CC62 /* Debug */ = {
			isa = XCBuildConfiguration;
			baseConfigurationReference = BD879C2A4D9E923FCA3B25A0 /* Pods-GrapesNBerriesTask.debug.xcconfig */;
			buildSettings = {
				ASSETCATALOG_COMPILER_APPICON_NAME = AppIcon;
				INFOPLIST_FILE = GrapesNBerriesTask/Info.plist;
				LD_RUNPATH_SEARCH_PATHS = "$(inherited) @executable_path/Frameworks";
				PRODUCT_BUNDLE_IDENTIFIER = com.nadakamel.GrapesNBerriesTask;
				PRODUCT_NAME = "$(TARGET_NAME)";
			};
			name = Debug;
		};
		896A1FE01BDD244F0065CC62 /* Release */ = {
			isa = XCBuildConfiguration;
			baseConfigurationReference = FA65E2F6F58D89845F892E40 /* Pods-GrapesNBerriesTask.release.xcconfig */;
			buildSettings = {
				ASSETCATALOG_COMPILER_APPICON_NAME = AppIcon;
				INFOPLIST_FILE = GrapesNBerriesTask/Info.plist;
				LD_RUNPATH_SEARCH_PATHS = "$(inherited) @executable_path/Frameworks";
				PRODUCT_BUNDLE_IDENTIFIER = com.nadakamel.GrapesNBerriesTask;
				PRODUCT_NAME = "$(TARGET_NAME)";
			};
			name = Release;
		};
/* End XCBuildConfiguration section */

/* Begin XCConfigurationList section */
		896A1FC21BDD244F0065CC62 /* Build configuration list for PBXProject "GrapesNBerriesTask" */ = {
			isa = XCConfigurationList;
			buildConfigurations = (
				896A1FDC1BDD244F0065CC62 /* Debug */,
				896A1FDD1BDD244F0065CC62 /* Release */,
			);
			defaultConfigurationIsVisible = 0;
			defaultConfigurationName = Release;
		};
		896A1FDE1BDD244F0065CC62 /* Build configuration list for PBXNativeTarget "GrapesNBerriesTask" */ = {
			isa = XCConfigurationList;
			buildConfigurations = (
				896A1FDF1BDD244F0065CC62 /* Debug */,
				896A1FE01BDD244F0065CC62 /* Release */,
			);
			defaultConfigurationIsVisible = 0;
			defaultConfigurationName = Release;
		};
/* End XCConfigurationList section */
	};
	rootObject = 896A1FBF1BDD244F0065CC62 /* Project object */;
}
